
Microsoft Visual Studio Solution File, Format Version 12.00
# Visual Studio Version 17
VisualStudioVersion = 17.1.32210.238
MinimumVisualStudioVersion = 10.0.40219.1
Project("{FAE04EC0-301F-11D3-BF4B-00C04F79EFBC}") = "Omnae.Web", "Omnae\Omnae.Web.csproj", "{5A9BD9C7-F562-495D-A15E-733404224708}"
EndProject
Project("{FAE04EC0-301F-11D3-BF4B-00C04F79EFBC}") = "Omnae.Model", "Model\Omnae.Model.csproj", "{A10051E0-CDCA-4EB5-B842-9184C913F178}"
EndProject
Project("{FAE04EC0-301F-11D3-BF4B-00C04F79EFBC}") = "Omnae.Common", "Common\Omnae.Common.csproj", "{FF6BE38C-CF62-49A8-B4D8-F9136B2B155D}"
EndProject
Project("{FAE04EC0-301F-11D3-BF4B-00C04F79EFBC}") = "Omnae.Libs", "Libs\Omnae.Libs.csproj", "{292738A1-60D3-4530-92F0-5F909422AC67}"
EndProject
Project("{FAE04EC0-301F-11D3-BF4B-00C04F79EFBC}") = "Omnae.BlobStorage", "Omnae.BlobStorage\Omnae.BlobStorage.csproj", "{CA0FF279-C0FA-482C-8248-409FE9D7D708}"
EndProject
Project("{FAE04EC0-301F-11D3-BF4B-00C04F79EFBC}") = "Omnae.Data", "Omnae.Data\Omnae.Data.csproj", "{ED27C48C-C68C-4AE7-8397-56A5FD392A83}"
EndProject
Project("{FAE04EC0-301F-11D3-BF4B-00C04F79EFBC}") = "Omnae.QuickBooks", "Omnae.QuickBooks\Omnae.QuickBooks.csproj", "{0DD24B01-A3E9-416E-A68F-095BB6CDAE55}"
EndProject
Project("{FAE04EC0-301F-11D3-BF4B-00C04F79EFBC}") = "Omnae.Service", "Omnae.Service\Omnae.Service.csproj", "{F7E2B4F4-A266-44B5-B35B-6544D8D4A2F5}"
EndProject
Project("{FAE04EC0-301F-11D3-BF4B-00C04F79EFBC}") = "Omnae.ShippingAPI.DHL", "Omnae.ShippingAPI.DHL\Omnae.ShippingAPI.DHL.csproj", "{2AD613DA-E58D-4177-B1C2-0262E2D3EC5A}"
EndProject
Project("{FAE04EC0-301F-11D3-BF4B-00C04F79EFBC}") = "Omnae.Web.Tests", "Omnae.Web.Tests\Omnae.Web.Tests.csproj", "{BFB6E2EF-E643-4EF5-BD7D-A6DED7594BA8}"
EndProject
Project("{2150E333-8FDC-42A3-9474-1A3956D46DE8}") = "Test", "Test", "{87DC6B21-02D0-4422-860F-21B21E0BFC1E}"
EndProject
Project("{2150E333-8FDC-42A3-9474-1A3956D46DE8}") = "Support", "Support", "{3C81A65A-C715-432A-BC2D-453A1099D347}"
EndProject
Project("{FAE04EC0-301F-11D3-BF4B-00C04F79EFBC}") = "SpecFlow.Unity.SpecFlowPlugin", "tests\SpecFlow.Unity.SpecFlowPlugin\SpecFlow.Unity.SpecFlowPlugin.csproj", "{5021DF8B-1A7E-4D4B-AB6A-93D42034FDAB}"
EndProject
Project("{FAE04EC0-301F-11D3-BF4B-00C04F79EFBC}") = "Omnae.BusinessLayer", "Omnae.BusinessLayer\Omnae.BusinessLayer.csproj", "{86121F3B-0A8E-4ECB-8BF8-7A396203DF99}"
EndProject
Project("{FAE04EC0-301F-11D3-BF4B-00C04F79EFBC}") = "Omnae.WebApi", "Omnae.WebApi\Omnae.WebApi.csproj", "{D7103C41-1DA5-4C7E-806A-08BDB6EC9DE2}"
EndProject
Project("{2150E333-8FDC-42A3-9474-1A3956D46DE8}") = "Files", "Files", "{EF744041-08CA-4E2D-B6AE-E44E733FCD34}"
	ProjectSection(SolutionItems) = preProject
		deploy.cmd = deploy.cmd
		deploy.OmnaeWeb.cmd = deploy.OmnaeWeb.cmd
		deploy.OmnaeWebApi.cmd = deploy.OmnaeWebApi.cmd
	EndProjectSection
EndProject
Project("{9A19103F-16F7-4668-BE54-9A1E7A4F7556}") = "Omnae.BackgroundWorkers", "Omnae.BackgroundWorkers\Omnae.BackgroundWorkers.csproj", "{3CE9A406-3625-4114-A81A-8A5C3FC354C6}"
EndProject
Project("{2150E333-8FDC-42A3-9474-1A3956D46DE8}") = "Supporting", "Supporting", "{3C37BB64-FFF9-46FC-B639-4CE8D3AC29DC}"
EndProject
Project("{FAE04EC0-301F-11D3-BF4B-00C04F79EFBC}") = "Omnae.Hubspot", "Omnae.Hubspot\Omnae.Hubspot.csproj", "{965D2006-EDE9-4025-A41F-32021BFB2BC0}"
EndProject
Project("{2150E333-8FDC-42A3-9474-1A3956D46DE8}") = "BackgroundWorkers", "BackgroundWorkers", "{1D869247-C506-406B-BBFE-B1F81E88394D}"
EndProject
Project("{9A19103F-16F7-4668-BE54-9A1E7A4F7556}") = "Omnae.DemoBackgroundWorkers", "Omnae.DemoBackgroundWorkers\Omnae.DemoBackgroundWorkers.csproj", "{4E40C32B-F6AC-4338-A7F2-B03159F577FB}"
EndProject
Project("{FAE04EC0-301F-11D3-BF4B-00C04F79EFBC}") = "Omnae.Notification", "Omnae.Notification\Omnae.Notification.csproj", "{96AC4073-FD6B-4AD5-9DFD-F2056180194A}"
EndProject
Project("{2150E333-8FDC-42A3-9474-1A3956D46DE8}") = "Solution Items", "Solution Items", "{E669BC12-77E9-4FEC-BA21-555AF8D99809}"
	ProjectSection(SolutionItems) = preProject
		CountLines.txt = CountLines.txt
		total_cs_Lines = total_cs_Lines
	EndProjectSection
EndProject
Project("{FAE04EC0-301F-11D3-BF4B-00C04F79EFBC}") = "Omnae.SyncHobSpotUser", "SyncHobSpotUserService\Omnae.SyncHobSpotUser.csproj", "{3B375B9C-BB3B-44E1-B9DA-8AF776E27845}"
	ProjectSection(ProjectDependencies) = postProject
		{965D2006-EDE9-4025-A41F-32021BFB2BC0} = {965D2006-EDE9-4025-A41F-32021BFB2BC0}
	EndProjectSection
EndProject
Global
	GlobalSection(SolutionConfigurationPlatforms) = preSolution
		Debug|Any CPU = Debug|Any CPU
		Release|Any CPU = Release|Any CPU
	EndGlobalSection
	GlobalSection(ProjectConfigurationPlatforms) = postSolution
		{5A9BD9C7-F562-495D-A15E-733404224708}.Debug|Any CPU.ActiveCfg = Debug|Any CPU
		{5A9BD9C7-F562-495D-A15E-733404224708}.Debug|Any CPU.Build.0 = Debug|Any CPU
		{5A9BD9C7-F562-495D-A15E-733404224708}.Release|Any CPU.ActiveCfg = Release|Any CPU
		{5A9BD9C7-F562-495D-A15E-733404224708}.Release|Any CPU.Build.0 = Release|Any CPU
		{A10051E0-CDCA-4EB5-B842-9184C913F178}.Debug|Any CPU.ActiveCfg = Debug|Any CPU
		{A10051E0-CDCA-4EB5-B842-9184C913F178}.Debug|Any CPU.Build.0 = Debug|Any CPU
		{A10051E0-CDCA-4EB5-B842-9184C913F178}.Release|Any CPU.ActiveCfg = Release|Any CPU
		{A10051E0-CDCA-4EB5-B842-9184C913F178}.Release|Any CPU.Build.0 = Release|Any CPU
		{FF6BE38C-CF62-49A8-B4D8-F9136B2B155D}.Debug|Any CPU.ActiveCfg = Debug|Any CPU
		{FF6BE38C-CF62-49A8-B4D8-F9136B2B155D}.Debug|Any CPU.Build.0 = Debug|Any CPU
		{FF6BE38C-CF62-49A8-B4D8-F9136B2B155D}.Release|Any CPU.ActiveCfg = Release|Any CPU
		{FF6BE38C-CF62-49A8-B4D8-F9136B2B155D}.Release|Any CPU.Build.0 = Release|Any CPU
		{292738A1-60D3-4530-92F0-5F909422AC67}.Debug|Any CPU.ActiveCfg = Debug|Any CPU
		{292738A1-60D3-4530-92F0-5F909422AC67}.Debug|Any CPU.Build.0 = Debug|Any CPU
		{292738A1-60D3-4530-92F0-5F909422AC67}.Release|Any CPU.ActiveCfg = Release|Any CPU
		{292738A1-60D3-4530-92F0-5F909422AC67}.Release|Any CPU.Build.0 = Release|Any CPU
		{CA0FF279-C0FA-482C-8248-409FE9D7D708}.Debug|Any CPU.ActiveCfg = Debug|Any CPU
		{CA0FF279-C0FA-482C-8248-409FE9D7D708}.Debug|Any CPU.Build.0 = Debug|Any CPU
		{CA0FF279-C0FA-482C-8248-409FE9D7D708}.Release|Any CPU.ActiveCfg = Release|Any CPU
		{CA0FF279-C0FA-482C-8248-409FE9D7D708}.Release|Any CPU.Build.0 = Release|Any CPU
		{ED27C48C-C68C-4AE7-8397-56A5FD392A83}.Debug|Any CPU.ActiveCfg = Debug|Any CPU
		{ED27C48C-C68C-4AE7-8397-56A5FD392A83}.Debug|Any CPU.Build.0 = Debug|Any CPU
		{ED27C48C-C68C-4AE7-8397-56A5FD392A83}.Release|Any CPU.ActiveCfg = Release|Any CPU
		{ED27C48C-C68C-4AE7-8397-56A5FD392A83}.Release|Any CPU.Build.0 = Release|Any CPU
		{0DD24B01-A3E9-416E-A68F-095BB6CDAE55}.Debug|Any CPU.ActiveCfg = Debug|Any CPU
		{0DD24B01-A3E9-416E-A68F-095BB6CDAE55}.Debug|Any CPU.Build.0 = Debug|Any CPU
		{0DD24B01-A3E9-416E-A68F-095BB6CDAE55}.Release|Any CPU.ActiveCfg = Release|Any CPU
		{0DD24B01-A3E9-416E-A68F-095BB6CDAE55}.Release|Any CPU.Build.0 = Release|Any CPU
		{F7E2B4F4-A266-44B5-B35B-6544D8D4A2F5}.Debug|Any CPU.ActiveCfg = Debug|Any CPU
		{F7E2B4F4-A266-44B5-B35B-6544D8D4A2F5}.Debug|Any CPU.Build.0 = Debug|Any CPU
		{F7E2B4F4-A266-44B5-B35B-6544D8D4A2F5}.Release|Any CPU.ActiveCfg = Release|Any CPU
		{F7E2B4F4-A266-44B5-B35B-6544D8D4A2F5}.Release|Any CPU.Build.0 = Release|Any CPU
		{2AD613DA-E58D-4177-B1C2-0262E2D3EC5A}.Debug|Any CPU.ActiveCfg = Debug|Any CPU
		{2AD613DA-E58D-4177-B1C2-0262E2D3EC5A}.Debug|Any CPU.Build.0 = Debug|Any CPU
		{2AD613DA-E58D-4177-B1C2-0262E2D3EC5A}.Release|Any CPU.ActiveCfg = Release|Any CPU
		{2AD613DA-E58D-4177-B1C2-0262E2D3EC5A}.Release|Any CPU.Build.0 = Release|Any CPU
		{BFB6E2EF-E643-4EF5-BD7D-A6DED7594BA8}.Debug|Any CPU.ActiveCfg = Debug|Any CPU
		{BFB6E2EF-E643-4EF5-BD7D-A6DED7594BA8}.Release|Any CPU.ActiveCfg = Release|Any CPU
		{BFB6E2EF-E643-4EF5-BD7D-A6DED7594BA8}.Release|Any CPU.Build.0 = Release|Any CPU
		{5021DF8B-1A7E-4D4B-AB6A-93D42034FDAB}.Debug|Any CPU.ActiveCfg = Debug|Any CPU
		{5021DF8B-1A7E-4D4B-AB6A-93D42034FDAB}.Debug|Any CPU.Build.0 = Debug|Any CPU
		{5021DF8B-1A7E-4D4B-AB6A-93D42034FDAB}.Release|Any CPU.ActiveCfg = Release|Any CPU
		{5021DF8B-1A7E-4D4B-AB6A-93D42034FDAB}.Release|Any CPU.Build.0 = Release|Any CPU
		{86121F3B-0A8E-4ECB-8BF8-7A396203DF99}.Debug|Any CPU.ActiveCfg = Debug|Any CPU
		{86121F3B-0A8E-4ECB-8BF8-7A396203DF99}.Debug|Any CPU.Build.0 = Debug|Any CPU
		{86121F3B-0A8E-4ECB-8BF8-7A396203DF99}.Release|Any CPU.ActiveCfg = Release|Any CPU
		{86121F3B-0A8E-4ECB-8BF8-7A396203DF99}.Release|Any CPU.Build.0 = Release|Any CPU
		{D7103C41-1DA5-4C7E-806A-08BDB6EC9DE2}.Debug|Any CPU.ActiveCfg = Debug|Any CPU
		{D7103C41-1DA5-4C7E-806A-08BDB6EC9DE2}.Debug|Any CPU.Build.0 = Debug|Any CPU
		{D7103C41-1DA5-4C7E-806A-08BDB6EC9DE2}.Release|Any CPU.ActiveCfg = Release|Any CPU
		{D7103C41-1DA5-4C7E-806A-08BDB6EC9DE2}.Release|Any CPU.Build.0 = Release|Any CPU
		{3CE9A406-3625-4114-A81A-8A5C3FC354C6}.Debug|Any CPU.ActiveCfg = Debug|Any CPU
		{3CE9A406-3625-4114-A81A-8A5C3FC354C6}.Debug|Any CPU.Build.0 = Debug|Any CPU
		{3CE9A406-3625-4114-A81A-8A5C3FC354C6}.Release|Any CPU.ActiveCfg = Release|Any CPU
		{3CE9A406-3625-4114-A81A-8A5C3FC354C6}.Release|Any CPU.Build.0 = Release|Any CPU
		{965D2006-EDE9-4025-A41F-32021BFB2BC0}.Debug|Any CPU.ActiveCfg = Debug|Any CPU
		{965D2006-EDE9-4025-A41F-32021BFB2BC0}.Debug|Any CPU.Build.0 = Debug|Any CPU
		{965D2006-EDE9-4025-A41F-32021BFB2BC0}.Release|Any CPU.ActiveCfg = Release|Any CPU
		{965D2006-EDE9-4025-A41F-32021BFB2BC0}.Release|Any CPU.Build.0 = Release|Any CPU
		{4E40C32B-F6AC-4338-A7F2-B03159F577FB}.Debug|Any CPU.ActiveCfg = Debug|Any CPU
		{4E40C32B-F6AC-4338-A7F2-B03159F577FB}.Debug|Any CPU.Build.0 = Debug|Any CPU
		{4E40C32B-F6AC-4338-A7F2-B03159F577FB}.Release|Any CPU.ActiveCfg = Release|Any CPU
		{4E40C32B-F6AC-4338-A7F2-B03159F577FB}.Release|Any CPU.Build.0 = Release|Any CPU
		{96AC4073-FD6B-4AD5-9DFD-F2056180194A}.Debug|Any CPU.ActiveCfg = Debug|Any CPU
		{96AC4073-FD6B-4AD5-9DFD-F2056180194A}.Debug|Any CPU.Build.0 = Debug|Any CPU
		{96AC4073-FD6B-4AD5-9DFD-F2056180194A}.Release|Any CPU.ActiveCfg = Release|Any CPU
		{96AC4073-FD6B-4AD5-9DFD-F2056180194A}.Release|Any CPU.Build.0 = Release|Any CPU
		{3B375B9C-BB3B-44E1-B9DA-8AF776E27845}.Debug|Any CPU.ActiveCfg = Debug|Any CPU
		{3B375B9C-BB3B-44E1-B9DA-8AF776E27845}.Debug|Any CPU.Build.0 = Debug|Any CPU
		{3B375B9C-BB3B-44E1-B9DA-8AF776E27845}.Release|Any CPU.ActiveCfg = Release|Any CPU
		{3B375B9C-BB3B-44E1-B9DA-8AF776E27845}.Release|Any CPU.Build.0 = Release|Any CPU
	EndGlobalSection
	GlobalSection(SolutionProperties) = preSolution
		HideSolutionNode = FALSE
	EndGlobalSection
	GlobalSection(NestedProjects) = preSolution
		{A10051E0-CDCA-4EB5-B842-9184C913F178} = {3C37BB64-FFF9-46FC-B639-4CE8D3AC29DC}
		{FF6BE38C-CF62-49A8-B4D8-F9136B2B155D} = {3C37BB64-FFF9-46FC-B639-4CE8D3AC29DC}
		{292738A1-60D3-4530-92F0-5F909422AC67} = {3C37BB64-FFF9-46FC-B639-4CE8D3AC29DC}
		{CA0FF279-C0FA-482C-8248-409FE9D7D708} = {3C37BB64-FFF9-46FC-B639-4CE8D3AC29DC}
		{ED27C48C-C68C-4AE7-8397-56A5FD392A83} = {3C37BB64-FFF9-46FC-B639-4CE8D3AC29DC}
		{0DD24B01-A3E9-416E-A68F-095BB6CDAE55} = {3C37BB64-FFF9-46FC-B639-4CE8D3AC29DC}
		{F7E2B4F4-A266-44B5-B35B-6544D8D4A2F5} = {3C37BB64-FFF9-46FC-B639-4CE8D3AC29DC}
		{2AD613DA-E58D-4177-B1C2-0262E2D3EC5A} = {3C37BB64-FFF9-46FC-B639-4CE8D3AC29DC}
		{BFB6E2EF-E643-4EF5-BD7D-A6DED7594BA8} = {87DC6B21-02D0-4422-860F-21B21E0BFC1E}
		{3C81A65A-C715-432A-BC2D-453A1099D347} = {87DC6B21-02D0-4422-860F-21B21E0BFC1E}
		{5021DF8B-1A7E-4D4B-AB6A-93D42034FDAB} = {3C81A65A-C715-432A-BC2D-453A1099D347}
		{86121F3B-0A8E-4ECB-8BF8-7A396203DF99} = {3C37BB64-FFF9-46FC-B639-4CE8D3AC29DC}
		{3CE9A406-3625-4114-A81A-8A5C3FC354C6} = {1D869247-C506-406B-BBFE-B1F81E88394D}
		{965D2006-EDE9-4025-A41F-32021BFB2BC0} = {3C37BB64-FFF9-46FC-B639-4CE8D3AC29DC}
		{4E40C32B-F6AC-4338-A7F2-B03159F577FB} = {1D869247-C506-406B-BBFE-B1F81E88394D}
		{96AC4073-FD6B-4AD5-9DFD-F2056180194A} = {3C37BB64-FFF9-46FC-B639-4CE8D3AC29DC}
		{3B375B9C-BB3B-44E1-B9DA-8AF776E27845} = {1D869247-C506-406B-BBFE-B1F81E88394D}
	EndGlobalSection
	GlobalSection(ExtensibilityGlobals) = postSolution
		SolutionGuid = {EED016EB-2931-4527-95B9-DC05CE7E2A24}
	EndGlobalSection
EndGlobal
